
Microsoft Visual Studio Solution File, Format Version 12.00
# Visual Studio 15
VisualStudioVersion = 15.0.28307.757
MinimumVisualStudioVersion = 10.0.40219.1
Project("{2150E333-8FDC-42A3-9474-1A3956D46DE8}") = "BaseDatos", "BaseDatos", "{22090B66-2E1E-4171-8292-03E7005DBA33}"
EndProject
Project("{2150E333-8FDC-42A3-9474-1A3956D46DE8}") = "Negocio", "Negocio", "{8612EC97-6CD7-4808-B0A5-9785BB6BC5D5}"
EndProject
Project("{2150E333-8FDC-42A3-9474-1A3956D46DE8}") = "Presentacion", "Presentacion", "{32F7FE8A-FE49-4356-A38A-63015B1B1975}"
EndProject
Project("{2150E333-8FDC-42A3-9474-1A3956D46DE8}") = "PruebasUnitarias", "PruebasUnitarias", "{8F87D79E-3A3F-4E11-92D2-2D47849AD6CE}"
EndProject
Project("{2150E333-8FDC-42A3-9474-1A3956D46DE8}") = "DTO", "DTO", "{DE1056F6-BA15-4314-B2C7-190B58F53804}"
EndProject
Project("{FAE04EC0-301F-11D3-BF4B-00C04F79EFBC}") = "Dto", "Dto\Dto.csproj", "{1ACA25BE-64BA-4DAF-8CAD-8197F06C14A3}"
EndProject
Project("{2150E333-8FDC-42A3-9474-1A3956D46DE8}") = "Comunes", "Comunes", "{ED582E04-AD0D-43A5-B716-A462B5824E03}"
EndProject
Project("{FAE04EC0-301F-11D3-BF4B-00C04F79EFBC}") = "WebLibreriaMakers", "WebLibreriaMakers\WebLibreriaMakers.csproj", "{F10411FE-D449-4E33-8E06-5FC05D6D6837}"
EndProject
Project("{FAE04EC0-301F-11D3-BF4B-00C04F79EFBC}") = "DataModelo", "DataModelo\DataModelo.csproj", "{0DB35D1F-8948-40E1-801B-153B3394EDDD}"
EndProject
Project("{FAE04EC0-301F-11D3-BF4B-00C04F79EFBC}") = "DataEntities", "DataEntities\DataEntities.csproj", "{25955E53-1EE7-4AEE-AC83-79A04CB7AE71}"
EndProject
Project("{FAE04EC0-301F-11D3-BF4B-00C04F79EFBC}") = "Repositorio", "Repositorio\Repositorio.csproj", "{EE8D489A-613A-4EC9-B505-88F5C697B743}"
EndProject
Project("{FAE04EC0-301F-11D3-BF4B-00C04F79EFBC}") = "Data", "Dato\Data.csproj", "{2D0EFEDE-66F0-47C4-A445-F0381F1E6B4D}"
EndProject
Project("{FAE04EC0-301F-11D3-BF4B-00C04F79EFBC}") = "Negocio", "Nego\Negocio.csproj", "{0C176643-E587-4108-A890-C7472A1B71DF}"
EndProject
Project("{FAE04EC0-301F-11D3-BF4B-00C04F79EFBC}") = "PruebaUnitarias", "PruebaUnitarias\PruebaUnitarias.csproj", "{9D9795A8-3B46-40C0-9A70-4D64D75656CC}"
EndProject
Global
	GlobalSection(SolutionConfigurationPlatforms) = preSolution
		Debug|Any CPU = Debug|Any CPU
		Release|Any CPU = Release|Any CPU
	EndGlobalSection
	GlobalSection(ProjectConfigurationPlatforms) = postSolution
		{1ACA25BE-64BA-4DAF-8CAD-8197F06C14A3}.Debug|Any CPU.ActiveCfg = Debug|Any CPU
		{1ACA25BE-64BA-4DAF-8CAD-8197F06C14A3}.Debug|Any CPU.Build.0 = Debug|Any CPU
		{1ACA25BE-64BA-4DAF-8CAD-8197F06C14A3}.Release|Any CPU.ActiveCfg = Release|Any CPU
		{1ACA25BE-64BA-4DAF-8CAD-8197F06C14A3}.Release|Any CPU.Build.0 = Release|Any CPU
		{F10411FE-D449-4E33-8E06-5FC05D6D6837}.Debug|Any CPU.ActiveCfg = Debug|Any CPU
		{F10411FE-D449-4E33-8E06-5FC05D6D6837}.Debug|Any CPU.Build.0 = Debug|Any CPU
		{F10411FE-D449-4E33-8E06-5FC05D6D6837}.Release|Any CPU.ActiveCfg = Release|Any CPU
		{F10411FE-D449-4E33-8E06-5FC05D6D6837}.Release|Any CPU.Build.0 = Release|Any CPU
		{0DB35D1F-8948-40E1-801B-153B3394EDDD}.Debug|Any CPU.ActiveCfg = Debug|Any CPU
		{0DB35D1F-8948-40E1-801B-153B3394EDDD}.Debug|Any CPU.Build.0 = Debug|Any CPU
		{0DB35D1F-8948-40E1-801B-153B3394EDDD}.Release|Any CPU.ActiveCfg = Release|Any CPU
		{0DB35D1F-8948-40E1-801B-153B3394EDDD}.Release|Any CPU.Build.0 = Release|Any CPU
		{25955E53-1EE7-4AEE-AC83-79A04CB7AE71}.Debug|Any CPU.ActiveCfg = Debug|Any CPU
		{25955E53-1EE7-4AEE-AC83-79A04CB7AE71}.Debug|Any CPU.Build.0 = Debug|Any CPU
		{25955E53-1EE7-4AEE-AC83-79A04CB7AE71}.Release|Any CPU.ActiveCfg = Release|Any CPU
		{25955E53-1EE7-4AEE-AC83-79A04CB7AE71}.Release|Any CPU.Build.0 = Release|Any CPU
		{EE8D489A-613A-4EC9-B505-88F5C697B743}.Debug|Any CPU.ActiveCfg = Debug|Any CPU
		{EE8D489A-613A-4EC9-B505-88F5C697B743}.Debug|Any CPU.Build.0 = Debug|Any CPU
		{EE8D489A-613A-4EC9-B505-88F5C697B743}.Release|Any CPU.ActiveCfg = Release|Any CPU
		{EE8D489A-613A-4EC9-B505-88F5C697B743}.Release|Any CPU.Build.0 = Release|Any CPU
		{2D0EFEDE-66F0-47C4-A445-F0381F1E6B4D}.Debug|Any CPU.ActiveCfg = Debug|Any CPU
		{2D0EFEDE-66F0-47C4-A445-F0381F1E6B4D}.Debug|Any CPU.Build.0 = Debug|Any CPU
		{2D0EFEDE-66F0-47C4-A445-F0381F1E6B4D}.Release|Any CPU.ActiveCfg = Release|Any CPU
		{2D0EFEDE-66F0-47C4-A445-F0381F1E6B4D}.Release|Any CPU.Build.0 = Release|Any CPU
		{0C176643-E587-4108-A890-C7472A1B71DF}.Debug|Any CPU.ActiveCfg = Debug|Any CPU
		{0C176643-E587-4108-A890-C7472A1B71DF}.Debug|Any CPU.Build.0 = Debug|Any CPU
		{0C176643-E587-4108-A890-C7472A1B71DF}.Release|Any CPU.ActiveCfg = Release|Any CPU
		{0C176643-E587-4108-A890-C7472A1B71DF}.Release|Any CPU.Build.0 = Release|Any CPU
		{9D9795A8-3B46-40C0-9A70-4D64D75656CC}.Debug|Any CPU.ActiveCfg = Debug|Any CPU
		{9D9795A8-3B46-40C0-9A70-4D64D75656CC}.Debug|Any CPU.Build.0 = Debug|Any CPU
		{9D9795A8-3B46-40C0-9A70-4D64D75656CC}.Release|Any CPU.ActiveCfg = Release|Any CPU
		{9D9795A8-3B46-40C0-9A70-4D64D75656CC}.Release|Any CPU.Build.0 = Release|Any CPU
	EndGlobalSection
	GlobalSection(SolutionProperties) = preSolution
		HideSolutionNode = FALSE
	EndGlobalSection
	GlobalSection(NestedProjects) = preSolution
		{1ACA25BE-64BA-4DAF-8CAD-8197F06C14A3} = {DE1056F6-BA15-4314-B2C7-190B58F53804}
		{F10411FE-D449-4E33-8E06-5FC05D6D6837} = {32F7FE8A-FE49-4356-A38A-63015B1B1975}
		{0DB35D1F-8948-40E1-801B-153B3394EDDD} = {22090B66-2E1E-4171-8292-03E7005DBA33}
		{25955E53-1EE7-4AEE-AC83-79A04CB7AE71} = {22090B66-2E1E-4171-8292-03E7005DBA33}
		{EE8D489A-613A-4EC9-B505-88F5C697B743} = {22090B66-2E1E-4171-8292-03E7005DBA33}
		{2D0EFEDE-66F0-47C4-A445-F0381F1E6B4D} = {22090B66-2E1E-4171-8292-03E7005DBA33}
		{0C176643-E587-4108-A890-C7472A1B71DF} = {8612EC97-6CD7-4808-B0A5-9785BB6BC5D5}
		{9D9795A8-3B46-40C0-9A70-4D64D75656CC} = {8F87D79E-3A3F-4E11-92D2-2D47849AD6CE}
	EndGlobalSection
	GlobalSection(ExtensibilityGlobals) = postSolution
		SolutionGuid = {5717CC16-A42D-4D1E-A2BF-2B9688A6D85F}
	EndGlobalSection
EndGlobal
